{
  "name": "latin-cyrillic",
  "version": "1.0.0",
  "lockfileVersion": 2,
  "requires": true,
  "packages": {
    "": {
      "name": "latin-cyrillic",
      "version": "1.0.0",
      "license": "ISC",
      "dependencies": {
        "latin-cyrillic": "^1.0.0"
      }
    },
    "node_modules/latin-cyrillic": {
      "version": "1.0.0",
      "resolved": "https://registry.npmjs.org/latin-cyrillic/-/latin-cyrillic-1.0.0.tgz",
      "integrity": "sha512-W2y1uieZ6cx1bhIsWPAOiStKz2yyv/MGGu4UIxunsslmYN7tgdUrG0b/wcn1jtwtN5cgZ5iggvFuhd9dpwgUHg=="
    }
  },
  "dependencies": {
    "latin-cyrillic": {
      "version": "1.0.0",
      "resolved": "https://registry.npmjs.org/latin-cyrillic/-/latin-cyrillic-1.0.0.tgz",
      "integrity": "sha512-W2y1uieZ6cx1bhIsWPAOiStKz2yyv/MGGu4UIxunsslmYN7tgdUrG0b/wcn1jtwtN5cgZ5iggvFuhd9dpwgUHg=="
    }
  }
}
